RESTRICTION: == net9.0
NUGET
  remote: https://api.nuget.org/v3/index.json
    Amazon.Extensions.S3.Encryption (2.2.1)
      AWSSDK.Core (>= 3.7.400.32)
      AWSSDK.KeyManagementService (>= 3.7.400.32)
      AWSSDK.S3 (>= 3.7.404.4)
      Portable.BouncyCastle (>= 1.8.10)
    AMQPNetLite.Core (2.5.1)
    Apache.NMS (2.2)
    Apache.NMS.AMQP (2.2)
      AMQPNetLite.Core (>= 2.4.3)
      Apache.NMS (>= 2.0)
      System.Threading.Tasks.Dataflow (>= 4.9)
    ARSoft.Tools.NetStandard.DXSdata (1.0)
      Portable.BouncyCastle (>= 1.8.1.3)
    AspNetCore.HealthChecks.Kafka (9.0)
      Confluent.Kafka (>= 2.3)
      Microsoft.Extensions.Diagnostics.HealthChecks (>= 8.0.11)
    AspNetCore.HealthChecks.MySql (9.0)
      Microsoft.Extensions.Diagnostics.HealthChecks (>= 8.0.11)
      MySqlConnector (>= 2.3.1)
    AspNetCore.HealthChecks.NpgSql (9.0)
      Microsoft.Extensions.Diagnostics.HealthChecks (>= 8.0.11)
      Npgsql (>= 8.0.3)
    AspNetCore.HealthChecks.Rabbitmq (9.0)
      Microsoft.Extensions.Diagnostics.HealthChecks (>= 8.0.11)
      RabbitMQ.Client (>= 7.0)
    AspNetCore.HealthChecks.Redis (9.0)
      Microsoft.Extensions.Diagnostics.HealthChecks (>= 8.0.11)
      StackExchange.Redis (>= 2.7.4)
    AspNetCore.HealthChecks.UI.Client (9.0)
      AspNetCore.HealthChecks.UI.Core (>= 9.0)
    AspNetCore.HealthChecks.UI.Core (9.0)
      Microsoft.Extensions.Diagnostics.HealthChecks (>= 8.0.11)
    Autofac (8.4)
      System.Diagnostics.DiagnosticSource (>= 8.0.1)
    Autofac.Configuration (7.0)
      Autofac (>= 8.0)
      Microsoft.Extensions.Configuration (>= 8.0)
      Microsoft.Extensions.Configuration.Binder (>= 8.0.2)
    Autofac.Extensions.DependencyInjection (10.0)
      Autofac (>= 8.1)
      Microsoft.Extensions.DependencyInjection.Abstractions (>= 8.0.1)
    AutoMapper (14.0)
      Microsoft.Extensions.Options (>= 8.0)
    AWS.Logger.Core (3.3.3)
      AWSSDK.CloudWatchLogs (>= 3.7.305.15)
    AWS.Logger.NLog (3.3.4)
      AWS.Logger.Core (>= 3.3.3)
      NLog (>= 4.5)
    AWSSDK.CloudFront (3.7.404.55)
      AWSSDK.Core (>= 3.7.402.26 < 4.0)
    AWSSDK.CloudWatchLogs (3.7.305.15)
      AWSSDK.Core (>= 3.7.303.14 < 4.0)
    AWSSDK.Core (3.7.402.26)
    AWSSDK.DynamoDBv2 (3.7.406.8)
      AWSSDK.Core (>= 3.7.402.26 < 4.0)
    AWSSDK.KeyManagementService (3.7.400.120)
      AWSSDK.Core (>= 3.7.402.26 < 4.0)
    AWSSDK.S3 (3.7.415.25)
      AWSSDK.Core (>= 3.7.402.26 < 4.0)
    AWSSDK.SimpleEmail (3.7.402.63)
      AWSSDK.Core (>= 3.7.402.26 < 4.0)
    Azure.Core (1.49)
      Microsoft.Bcl.AsyncInterfaces (>= 8.0)
      System.ClientModel (>= 1.7)
      System.Memory.Data (>= 8.0.1)
    Bogus (35.6.2)
    BouncyCastle.Cryptography (2.6.2)
    Box.V2.Core (5.8)
      Microsoft.CSharp (>= 4.7)
      Newtonsoft.Json (>= 13.0.1)
      Portable.BouncyCastle (>= 1.8.10)
      System.IdentityModel.Tokens.Jwt (>= 6.35)
      System.Security.Cryptography.Algorithms (>= 4.3.1)
    Confluent.Kafka (2.8)
      librdkafka.redist (>= 2.8)
    CsvHelper (33.0.1)
    DistributedLock.Core (1.0.8)
    DistributedLock.Redis (1.0.3)
      DistributedLock.Core (>= 1.0.6 < 1.1)
      StackExchange.Redis (>= 2.7.27)
    DistributedLock.ZooKeeper (1.0)
      DistributedLock.Core (>= 1.0.2 < 1.1)
      ZooKeeperNetEx (>= 3.4.12.4)
    DocuSign.eSign.dll (8.0.2)
      BouncyCastle.Cryptography (>= 2.4)
      Microsoft.IdentityModel.JsonWebTokens (>= 8.2)
      Newtonsoft.Json (>= 13.0.3)
      System.ComponentModel.Annotations (>= 5.0)
    DotNetOpenAuth.Ultimate (4.3.4.13329)
    Dropbox.Api (7.0)
      Newtonsoft.Json (>= 13.0.2)
    Elasticsearch.Net (7.17.5)
      Microsoft.CSharp (>= 4.6)
      System.Buffers (>= 4.5.1)
      System.Diagnostics.DiagnosticSource (>= 5.0)
    EtaEmre.NetEscapades.EnumGenerators (1.0.0-beta07)
    FirebaseAdmin (3.1)
      Google.Api.Gax.Rest (>= 4.8)
      Google.Apis.Auth (>= 1.68)
      System.Collections.Immutable (>= 8.0)
    FolkerKinzel.DataUrls (2.0.4)
      FolkerKinzel.MimeTypes (>= 5.5)
    FolkerKinzel.Helpers (1.1)
    FolkerKinzel.MimeTypes (5.5)
      FolkerKinzel.Strings (>= 9.4.1)
    FolkerKinzel.Strings (9.4.1)
      FolkerKinzel.Helpers (>= 1.1)
    FolkerKinzel.VCards (8.1)
      FolkerKinzel.DataUrls (>= 2.0.3)
    Google.Api.Gax (4.10)
      Microsoft.Bcl.AsyncInterfaces (>= 6.0)
      Newtonsoft.Json (>= 13.0.3)
      System.Diagnostics.DiagnosticSource (>= 6.0.1)
    Google.Api.Gax.Rest (4.10)
      Google.Api.Gax (>= 4.10)
      Google.Apis.Auth (>= 1.69)
      Microsoft.Extensions.DependencyInjection.Abstractions (>= 6.0)
    Google.Apis (1.69)
      Google.Apis.Core (>= 1.69)
    Google.Apis.Auth (1.69)
      Google.Apis (>= 1.69)
      Google.Apis.Core (>= 1.69)
      System.Management (>= 7.0.2)
    Google.Apis.Core (1.69)
      Newtonsoft.Json (>= 13.0.3)
    Google.Apis.Drive.v3 (1.69.0.3703)
      Google.Apis (>= 1.69)
      Google.Apis.Auth (>= 1.69)
    Google.Apis.Storage.v1 (1.69.0.3723)
      Google.Apis (>= 1.69)
      Google.Apis.Auth (>= 1.69)
    Google.Cloud.Storage.V1 (4.11)
      Google.Api.Gax.Rest (>= 4.9 < 5.0)
      Google.Apis.Storage.v1 (>= 1.68.0.3604 < 2.0)
    Google.Protobuf (3.33)
    GoogleAuthenticator (3.2)
      QRCoder (>= 1.4.3)
    Grpc (2.46.6)
      Grpc.Core (>= 2.46.6)
    Grpc.Core (2.46.6)
      Grpc.Core.Api (>= 2.46.6)
      System.Memory (>= 4.5.3)
    Grpc.Core.Api (2.71)
    HtmlAgilityPack (1.12)
    Ical.Net (4.3.1)
      NodaTime (>= 3.2)
    InfluxDB.Client (4.18)
      InfluxDB.Client.Core (>= 4.18)
      JsonSubTypes (>= 2.0.1)
      Microsoft.Extensions.ObjectPool (>= 8.0.8)
      Microsoft.Net.Http.Headers (>= 2.2.8)
      System.Collections.Immutable (>= 8.0)
      System.Configuration.ConfigurationManager (>= 8.0)
      System.Reactive (>= 6.0.1)
    InfluxDB.Client.Core (4.18)
      CsvHelper (>= 33.0.1)
      Newtonsoft.Json (>= 13.0.3)
      NodaTime (>= 3.1.11)
      NodaTime.Serialization.JsonNet (>= 3.1)
      RestSharp (>= 112.0)
    Joonasw.AspNetCore.SecurityHeaders (5.0)
      Microsoft.Extensions.DependencyInjection.Abstractions (>= 7.0)
      Microsoft.Extensions.Options (>= 7.0.1)
    JsonSubTypes (2.0.1)
      Newtonsoft.Json (>= 13.0.1)
    JWT (11.0)
      Newtonsoft.Json (>= 13.0.3)
    K4os.Compression.LZ4 (1.3.8)
    K4os.Compression.LZ4.Streams (1.3.8)
      K4os.Compression.LZ4 (>= 1.3.8)
      K4os.Hash.xxHash (>= 1.0.8)
      System.IO.Pipelines (>= 6.0.3)
    K4os.Hash.xxHash (1.0.8)
    librdkafka.redist (2.12)
    Magick.NET-Q8-AnyCPU (14.5)
      Magick.NET.Core (>= 14.5)
    Magick.NET.Core (14.9)
    MailKit (4.11)
      MimeKit (>= 4.11)
      System.Formats.Asn1 (>= 8.0.1)
    Microsoft.AspNetCore.Authentication.JwtBearer (9.0.3)
      Microsoft.IdentityModel.Protocols.OpenIdConnect (>= 8.0.1)
    Microsoft.AspNetCore.Cryptography.Internal (9.0.10)
    Microsoft.AspNetCore.Cryptography.KeyDerivation (9.0.3)
      Microsoft.AspNetCore.Cryptography.Internal (>= 9.0.3)
    Microsoft.AspNetCore.Http.Abstractions (2.2)
      Microsoft.AspNetCore.Http.Features (>= 2.2)
      System.Text.Encodings.Web (>= 4.5)
    Microsoft.AspNetCore.Http.Features (2.2)
      Microsoft.Extensions.Primitives (>= 2.2)
    Microsoft.AspNetCore.App.Ref (9.0.5)
    Microsoft.AspNetCore.OpenApi (9.0.5)
      Microsoft.OpenApi (>= 1.6.23)
    Microsoft.Bcl.AsyncInterfaces (9.0.10)
    Microsoft.CSharp (4.7)
    Microsoft.EntityFrameworkCore (9.0.3)
      Microsoft.EntityFrameworkCore.Abstractions (>= 9.0.3)
      Microsoft.EntityFrameworkCore.Analyzers (>= 9.0.3)
      Microsoft.Extensions.Caching.Memory (>= 9.0.3)
      Microsoft.Extensions.Logging (>= 9.0.3)
    Microsoft.EntityFrameworkCore.Abstractions (9.0.10)
    Microsoft.EntityFrameworkCore.Analyzers (9.0.10)
    Microsoft.EntityFrameworkCore.Relational (8.0.21)
      Microsoft.EntityFrameworkCore (>= 8.0.21)
      Microsoft.Extensions.Configuration.Abstractions (>= 8.0)
    Microsoft.Extensions.ApiDescription.Server (9.0.10)
    Microsoft.Extensions.Caching.Abstractions (9.0.3)
      Microsoft.Extensions.Primitives (>= 9.0.3)
    Microsoft.Extensions.Caching.Memory (9.0.3)
      Microsoft.Extensions.Caching.Abstractions (>= 9.0.3)
      Microsoft.Extensions.DependencyInjection.Abstractions (>= 9.0.3)
      Microsoft.Extensions.Logging.Abstractions (>= 9.0.3)
      Microsoft.Extensions.Options (>= 9.0.3)
      Microsoft.Extensions.Primitives (>= 9.0.3)
    Microsoft.Extensions.Caching.StackExchangeRedis (9.0.2)
      Microsoft.Extensions.Caching.Abstractions (>= 9.0.2)
      Microsoft.Extensions.Logging.Abstractions (>= 9.0.2)
      Microsoft.Extensions.Options (>= 9.0.2)
      StackExchange.Redis (>= 2.7.27)
    Microsoft.Extensions.Configuration (9.0.10)
      Microsoft.Extensions.Configuration.Abstractions (>= 9.0.10)
      Microsoft.Extensions.Primitives (>= 9.0.10)
    Microsoft.Extensions.Configuration.Abstractions (9.0.10)
      Microsoft.Extensions.Primitives (>= 9.0.10)
    Microsoft.Extensions.Configuration.Binder (9.0.10)
      Microsoft.Extensions.Configuration.Abstractions (>= 9.0.10)
    Microsoft.Extensions.Configuration.CommandLine (9.0.10)
      Microsoft.Extensions.Configuration (>= 9.0.10)
      Microsoft.Extensions.Configuration.Abstractions (>= 9.0.10)
    Microsoft.Extensions.Configuration.EnvironmentVariables (9.0.10)
      Microsoft.Extensions.Configuration (>= 9.0.10)
      Microsoft.Extensions.Configuration.Abstractions (>= 9.0.10)
    Microsoft.Extensions.Configuration.FileExtensions (9.0.10)
      Microsoft.Extensions.Configuration (>= 9.0.10)
      Microsoft.Extensions.Configuration.Abstractions (>= 9.0.10)
      Microsoft.Extensions.FileProviders.Abstractions (>= 9.0.10)
      Microsoft.Extensions.FileProviders.Physical (>= 9.0.10)
      Microsoft.Extensions.Primitives (>= 9.0.10)
    Microsoft.Extensions.Configuration.Json (9.0.3)
      Microsoft.Extensions.Configuration (>= 9.0.3)
      Microsoft.Extensions.Configuration.Abstractions (>= 9.0.3)
      Microsoft.Extensions.Configuration.FileExtensions (>= 9.0.3)
      Microsoft.Extensions.FileProviders.Abstractions (>= 9.0.3)
    Microsoft.Extensions.Configuration.UserSecrets (9.0.3)
      Microsoft.Extensions.Configuration.Abstractions (>= 9.0.3)
      Microsoft.Extensions.Configuration.Json (>= 9.0.3)
      Microsoft.Extensions.FileProviders.Abstractions (>= 9.0.3)
      Microsoft.Extensions.FileProviders.Physical (>= 9.0.3)
    Microsoft.Extensions.DependencyInjection (9.0.10)
      Microsoft.Extensions.DependencyInjection.Abstractions (>= 9.0.10)
    Microsoft.Extensions.DependencyInjection.Abstractions (9.0.10)
    Microsoft.Extensions.Diagnostics (9.0.10)
      Microsoft.Extensions.Configuration (>= 9.0.10)
      Microsoft.Extensions.Diagnostics.Abstractions (>= 9.0.10)
      Microsoft.Extensions.Options.ConfigurationExtensions (>= 9.0.10)
    Microsoft.Extensions.Diagnostics.Abstractions (9.0.10)
      Microsoft.Extensions.DependencyInjection.Abstractions (>= 9.0.10)
      Microsoft.Extensions.Options (>= 9.0.10)
    Microsoft.Extensions.Diagnostics.HealthChecks (9.0.3)
      Microsoft.Extensions.Diagnostics.HealthChecks.Abstractions (>= 9.0.3)
      Microsoft.Extensions.Hosting.Abstractions (>= 9.0.3)
      Microsoft.Extensions.Logging.Abstractions (>= 9.0.3)
      Microsoft.Extensions.Options (>= 9.0.3)
    Microsoft.Extensions.Diagnostics.HealthChecks.Abstractions (9.0.10)
    Microsoft.Extensions.FileProviders.Abstractions (9.0.10)
      Microsoft.Extensions.Primitives (>= 9.0.10)
    Microsoft.Extensions.FileProviders.Physical (9.0.10)
      Microsoft.Extensions.FileProviders.Abstractions (>= 9.0.10)
      Microsoft.Extensions.FileSystemGlobbing (>= 9.0.10)
      Microsoft.Extensions.Primitives (>= 9.0.10)
    Microsoft.Extensions.FileSystemGlobbing (9.0.10)
    Microsoft.Extensions.Hosting (9.0.3)
      Microsoft.Extensions.Configuration (>= 9.0.3)
      Microsoft.Extensions.Configuration.Abstractions (>= 9.0.3)
      Microsoft.Extensions.Configuration.Binder (>= 9.0.3)
      Microsoft.Extensions.Configuration.CommandLine (>= 9.0.3)
      Microsoft.Extensions.Configuration.EnvironmentVariables (>= 9.0.3)
      Microsoft.Extensions.Configuration.FileExtensions (>= 9.0.3)
      Microsoft.Extensions.Configuration.Json (>= 9.0.3)
      Microsoft.Extensions.Configuration.UserSecrets (>= 9.0.3)
      Microsoft.Extensions.DependencyInjection (>= 9.0.3)
      Microsoft.Extensions.DependencyInjection.Abstractions (>= 9.0.3)
      Microsoft.Extensions.Diagnostics (>= 9.0.3)
      Microsoft.Extensions.FileProviders.Abstractions (>= 9.0.3)
      Microsoft.Extensions.FileProviders.Physical (>= 9.0.3)
      Microsoft.Extensions.Hosting.Abstractions (>= 9.0.3)
      Microsoft.Extensions.Logging (>= 9.0.3)
      Microsoft.Extensions.Logging.Abstractions (>= 9.0.3)
      Microsoft.Extensions.Logging.Configuration (>= 9.0.3)
      Microsoft.Extensions.Logging.Console (>= 9.0.3)
      Microsoft.Extensions.Logging.Debug (>= 9.0.3)
      Microsoft.Extensions.Logging.EventLog (>= 9.0.3)
      Microsoft.Extensions.Logging.EventSource (>= 9.0.3)
      Microsoft.Extensions.Options (>= 9.0.3)
    Microsoft.Extensions.Hosting.Abstractions (9.0.3)
      Microsoft.Extensions.Configuration.Abstractions (>= 9.0.3)
      Microsoft.Extensions.DependencyInjection.Abstractions (>= 9.0.3)
      Microsoft.Extensions.Diagnostics.Abstractions (>= 9.0.3)
      Microsoft.Extensions.FileProviders.Abstractions (>= 9.0.3)
      Microsoft.Extensions.Logging.Abstractions (>= 9.0.3)
    Microsoft.Extensions.Hosting.Systemd (9.0.3)
      Microsoft.Extensions.Hosting (>= 9.0.3)
    Microsoft.Extensions.Hosting.WindowsServices (9.0.3)
      Microsoft.Extensions.Hosting (>= 9.0.3)
      Microsoft.Extensions.Logging.EventLog (>= 9.0.3)
      System.ServiceProcess.ServiceController (>= 9.0.3)
    Microsoft.Extensions.Http (9.0.3)
      Microsoft.Extensions.Configuration.Abstractions (>= 9.0.3)
      Microsoft.Extensions.DependencyInjection.Abstractions (>= 9.0.3)
      Microsoft.Extensions.Diagnostics (>= 9.0.3)
      Microsoft.Extensions.Logging (>= 9.0.3)
      Microsoft.Extensions.Logging.Abstractions (>= 9.0.3)
      Microsoft.Extensions.Options (>= 9.0.3)
    Microsoft.Extensions.Http.Polly (9.0.3)
      Microsoft.Extensions.Http (>= 9.0.3)
      Polly (>= 7.2.4)
      Polly.Extensions.Http (>= 3.0)
    Microsoft.Extensions.Logging (9.0.3)
      Microsoft.Extensions.DependencyInjection (>= 9.0.3)
      Microsoft.Extensions.Logging.Abstractions (>= 9.0.3)
      Microsoft.Extensions.Options (>= 9.0.3)
    Microsoft.Extensions.Logging.Abstractions (9.0.3)
      Microsoft.Extensions.DependencyInjection.Abstractions (>= 9.0.3)
    Microsoft.Extensions.Logging.Configuration (9.0.3)
      Microsoft.Extensions.Configuration (>= 9.0.3)
      Microsoft.Extensions.Configuration.Abstractions (>= 9.0.3)
      Microsoft.Extensions.Configuration.Binder (>= 9.0.3)
      Microsoft.Extensions.DependencyInjection.Abstractions (>= 9.0.3)
      Microsoft.Extensions.Logging (>= 9.0.3)
      Microsoft.Extensions.Logging.Abstractions (>= 9.0.3)
      Microsoft.Extensions.Options (>= 9.0.3)
      Microsoft.Extensions.Options.ConfigurationExtensions (>= 9.0.3)
    Microsoft.Extensions.Logging.Console (9.0.3)
      Microsoft.Extensions.DependencyInjection.Abstractions (>= 9.0.3)
      Microsoft.Extensions.Logging (>= 9.0.3)
      Microsoft.Extensions.Logging.Abstractions (>= 9.0.3)
      Microsoft.Extensions.Logging.Configuration (>= 9.0.3)
      Microsoft.Extensions.Options (>= 9.0.3)
    Microsoft.Extensions.Logging.Debug (9.0.3)
      Microsoft.Extensions.DependencyInjection.Abstractions (>= 9.0.3)
      Microsoft.Extensions.Logging (>= 9.0.3)
      Microsoft.Extensions.Logging.Abstractions (>= 9.0.3)
    Microsoft.Extensions.Logging.EventLog (9.0.3)
      Microsoft.Extensions.DependencyInjection.Abstractions (>= 9.0.3)
      Microsoft.Extensions.Logging (>= 9.0.3)
      Microsoft.Extensions.Logging.Abstractions (>= 9.0.3)
      Microsoft.Extensions.Options (>= 9.0.3)
      System.Diagnostics.EventLog (>= 9.0.3)
    Microsoft.Extensions.Logging.EventSource (9.0.3)
      Microsoft.Extensions.DependencyInjection.Abstractions (>= 9.0.3)
      Microsoft.Extensions.Logging (>= 9.0.3)
      Microsoft.Extensions.Logging.Abstractions (>= 9.0.3)
      Microsoft.Extensions.Options (>= 9.0.3)
      Microsoft.Extensions.Primitives (>= 9.0.3)
    Microsoft.Extensions.ObjectPool (9.0.10)
    Microsoft.Extensions.Options (9.0.10)
      Microsoft.Extensions.DependencyInjection.Abstractions (>= 9.0.10)
      Microsoft.Extensions.Primitives (>= 9.0.10)
    Microsoft.Extensions.Options.ConfigurationExtensions (9.0.10)
      Microsoft.Extensions.Configuration.Abstractions (>= 9.0.10)
      Microsoft.Extensions.Configuration.Binder (>= 9.0.10)
      Microsoft.Extensions.DependencyInjection.Abstractions (>= 9.0.10)
      Microsoft.Extensions.Options (>= 9.0.10)
      Microsoft.Extensions.Primitives (>= 9.0.10)
    Microsoft.Extensions.Primitives (9.0.10)
    Microsoft.Graph.Core (1.19)
      NETStandard.Library (>= 1.6)
      Newtonsoft.Json (>= 9.0.1)
      System.Diagnostics.DiagnosticSource (>= 4.6)
      System.Net.Http (>= 4.3.3)
      System.ValueTuple (>= 4.3)
    Microsoft.Graph (1.21)
      Microsoft.Graph.Core (>= 1.19)
    Microsoft.IdentityModel.Abstractions (8.14)
    Microsoft.IdentityModel.JsonWebTokens (8.14)
      Microsoft.IdentityModel.Tokens (>= 8.14)
    Microsoft.IdentityModel.Logging (8.14)
      Microsoft.IdentityModel.Abstractions (>= 8.14)
    Microsoft.IdentityModel.Protocols (8.14)
      Microsoft.IdentityModel.Tokens (>= 8.14)
    Microsoft.IdentityModel.Protocols.OpenIdConnect (8.7)
      Microsoft.IdentityModel.Protocols (>= 8.7)
      System.IdentityModel.Tokens.Jwt (>= 8.7)
    Microsoft.IdentityModel.Tokens (8.14)
      Microsoft.Extensions.Logging.Abstractions (>= 8.0)
      Microsoft.IdentityModel.Logging (>= 8.14)
    Microsoft.IdentityModel.Validators (8.7)
      Microsoft.IdentityModel.Protocols (>= 8.7)
      Microsoft.IdentityModel.Protocols.OpenIdConnect (>= 8.7)
      Microsoft.IdentityModel.Tokens (>= 8.7)
      System.IdentityModel.Tokens.Jwt (>= 8.7)
    Microsoft.Kiota.Abstractions (1.20.1)
      Std.UriTemplate (>= 2.0.5)
    Microsoft.Kiota.Authentication.Azure (1.20.1)
      Azure.Core (>= 1.49)
      Microsoft.Kiota.Abstractions (>= 1.20.1)
    Microsoft.Kiota.Http.HttpClientLibrary (1.20.1)
      Microsoft.Kiota.Abstractions (>= 1.20.1)
    Microsoft.Kiota.Serialization.Form (1.20.1)
      Microsoft.Kiota.Abstractions (>= 1.20.1)
    Microsoft.Kiota.Serialization.Json (1.20.1)
      Microsoft.Kiota.Abstractions (>= 1.20.1)
    Microsoft.Kiota.Serialization.Multipart (1.20.1)
      Microsoft.Kiota.Abstractions (>= 1.20.1)
    Microsoft.Kiota.Serialization.Text (1.20.1)
      Microsoft.Kiota.Abstractions (>= 1.20.1)
    Microsoft.Net.Http.Headers (9.0.10)
      Microsoft.Extensions.Primitives (>= 9.0.10)
    Microsoft.NETCore.Platforms (7.0.4)
    Microsoft.NETCore.Targets (5.0)
    Microsoft.OneDriveSDK (2.0.7)
      Microsoft.Graph.Core (>= 1.3.1)
      Newtonsoft.Json (>= 9.0.1)
    Microsoft.OpenApi (1.6.23)
    Microsoft.SharePoint.Client (14.0.4762.1000)
    Microsoft.Win32.Registry (5.0)
      System.Security.AccessControl (>= 5.0)
      System.Security.Principal.Windows (>= 5.0)
    Microsoft.Win32.Registry.AccessControl (9.0.10)
    Microsoft.Win32.SystemEvents (9.0.10)
    Microsoft.Windows.Compatibility (9.0.3)
      Microsoft.Win32.Registry (>= 5.0)
      Microsoft.Win32.Registry.AccessControl (>= 9.0.3)
      Microsoft.Win32.SystemEvents (>= 9.0.3)
      System.CodeDom (>= 9.0.3)
      System.ComponentModel.Composition (>= 9.0.3)
      System.ComponentModel.Composition.Registration (>= 9.0.3)
      System.Configuration.ConfigurationManager (>= 9.0.3)
      System.Data.Odbc (>= 9.0.3)
      System.Data.OleDb (>= 9.0.3)
      System.Data.SqlClient (>= 4.8.6)
      System.Diagnostics.EventLog (>= 9.0.3)
      System.Diagnostics.PerformanceCounter (>= 9.0.3)
      System.DirectoryServices (>= 9.0.3)
      System.DirectoryServices.AccountManagement (>= 9.0.3)
      System.DirectoryServices.Protocols (>= 9.0.3)
      System.Drawing.Common (>= 9.0.3)
      System.IO.Packaging (>= 9.0.3)
      System.IO.Ports (>= 9.0.3)
      System.Management (>= 9.0.3)
      System.Reflection.Context (>= 9.0.3)
      System.Runtime.Caching (>= 9.0.3)
      System.Security.AccessControl (>= 6.0)
      System.Security.Cryptography.Pkcs (>= 9.0.3)
      System.Security.Cryptography.ProtectedData (>= 9.0.3)
      System.Security.Cryptography.Xml (>= 9.0.3)
      System.Security.Permissions (>= 9.0.3)
      System.Security.Principal.Windows (>= 5.0)
      System.ServiceModel.Duplex (>= 4.10)
      System.ServiceModel.Http (>= 4.10)
      System.ServiceModel.NetTcp (>= 4.10)
      System.ServiceModel.Primitives (>= 4.10)
      System.ServiceModel.Security (>= 4.10)
      System.ServiceModel.Syndication (>= 9.0.3)
      System.ServiceProcess.ServiceController (>= 9.0.3)
      System.Speech (>= 9.0.3)
      System.Text.Encoding.CodePages (>= 9.0.3)
      System.Threading.AccessControl (>= 9.0.3)
      System.Web.Services.Description (>= 4.10)
    MimeKit (4.14)
      BouncyCastle.Cryptography (>= 2.6.1)
      System.Security.Cryptography.Pkcs (>= 8.0.1)
    MySql.Data (9.2)
      BouncyCastle.Cryptography (>= 2.3.1)
      Google.Protobuf (>= 3.26.1)
      K4os.Compression.LZ4.Streams (>= 1.3.8)
      System.Buffers (>= 4.5.1)
      System.Configuration.ConfigurationManager (>= 8.0)
      System.Diagnostics.DiagnosticSource (>= 8.0.1)
      System.Runtime.CompilerServices.Unsafe (>= 6.0)
      System.Runtime.Loader (>= 4.3)
      System.Security.Permissions (>= 8.0)
      System.Text.Encoding.CodePages (>= 8.0)
      System.Text.Json (>= 9.0)
      System.Threading.Tasks.Extensions (>= 4.5.4)
      ZstdSharp.Port (>= 0.8)
    MySqlConnector (2.4)
      Microsoft.Extensions.DependencyInjection.Abstractions (>= 8.0.2)
      Microsoft.Extensions.Logging.Abstractions (>= 8.0.2)
    NEST (7.17.5)
      Elasticsearch.Net (>= 7.17.5)
    Newtonsoft.Json (13.0.4)
    NLog (5.4)
    NLog.DiagnosticSource (5.2.1)
      NLog (>= 5.2.2)
    NLog.Extensions.Logging (5.4)
      Microsoft.Extensions.Configuration.Abstractions (>= 8.0)
      Microsoft.Extensions.Logging (>= 8.0)
      NLog (>= 5.4)
    NLog.Targets.ElasticSearch (7.7)
      Elasticsearch.Net (>= 7.13.2)
      NEST (>= 7.13.2)
      Newtonsoft.Json (>= 12.0.3)
      NLog (>= 4.6.8)
    NLog.Targets.Syslog (7.0)
      NLog (>= 5.0)
      Polly.Contrib.WaitAndRetry (>= 1.1.1)
    NLog.Web.AspNetCore (5.4)
      NLog.Extensions.Logging (>= 5.4)
    NodaTime (3.2.2)
    NodaTime.Serialization.JsonNet (3.2)
      Newtonsoft.Json (>= 13.0.3)
      NodaTime (>= 3.0 < 4.0)
    Novell.Directory.Ldap.NETStandard (3.6)
      Microsoft.Extensions.Logging.Abstractions (>= 5.0)
    Npgsql (9.0.4)
      Microsoft.Extensions.Logging.Abstractions (>= 8.0.2)
    Npgsql.EntityFrameworkCore.PostgreSQL (8.0.8)
      Microsoft.EntityFrameworkCore (>= 8.0.8)
      Microsoft.EntityFrameworkCore.Abstractions (>= 8.0.8)
      Microsoft.EntityFrameworkCore.Relational (>= 8.0.8)
      Npgsql (>= 8.0.4)
    NVelocity (1.2)
    OpenSearch.Client (1.8)
      OpenSearch.Net (>= 1.8)
    OpenSearch.Net (1.8)
      Microsoft.CSharp (>= 4.7)
      System.Buffers (>= 4.5.1)
      System.Diagnostics.DiagnosticSource (>= 6.0.1)
    OpenTelemetry (1.11.2)
      Microsoft.Extensions.Diagnostics.Abstractions (>= 9.0)
      Microsoft.Extensions.Logging.Configuration (>= 9.0)
      OpenTelemetry.Api.ProviderBuilderExtensions (>= 1.11.2)
    OpenTelemetry.Api (1.11.2)
      System.Diagnostics.DiagnosticSource (>= 9.0)
    OpenTelemetry.Api.ProviderBuilderExtensions (1.11.2)
      Microsoft.Extensions.DependencyInjection.Abstractions (>= 9.0)
      OpenTelemetry.Api (>= 1.11.2)
    OpenTelemetry.Exporter.InfluxDB (1.0.0-alpha.4)
      InfluxDB.Client (>= 4.18)
      OpenTelemetry (>= 1.9 < 2.0)
    OpenTelemetry.Exporter.OpenTelemetryProtocol (1.11.2)
      OpenTelemetry (>= 1.11.2)
    OpenTelemetry.Extensions.Hosting (1.11.2)
      Microsoft.Extensions.Hosting.Abstractions (>= 9.0)
      OpenTelemetry (>= 1.11.2)
    OpenTelemetry.Instrumentation.AspNetCore (1.11.1)
      OpenTelemetry.Api.ProviderBuilderExtensions (>= 1.11.2 < 2.0)
    OpenTelemetry.Instrumentation.Http (1.11.1)
      Microsoft.Extensions.Configuration (>= 9.0)
      Microsoft.Extensions.Options (>= 9.0)
      OpenTelemetry.Api.ProviderBuilderExtensions (>= 1.11.2 < 2.0)
    OpenTelemetry.Instrumentation.Process (1.10.0-beta.1)
      OpenTelemetry.Api (>= 1.10 < 2.0)
    OpenTelemetry.Instrumentation.Runtime (1.11.1)
      OpenTelemetry.Api (>= 1.11.2 < 2.0)
    Pipelines.Sockets.Unofficial (2.2.8)
      System.IO.Pipelines (>= 5.0.1)
    Polly (8.5.2)
      Polly.Core (>= 8.5.2)
    Polly.Contrib.WaitAndRetry (1.1.1)
    Polly.Core (8.6.4)
    Polly.Extensions.Http (3.0)
      Polly (>= 7.1)
    Pomelo.EntityFrameworkCore.MySql (8.0.3)
      Microsoft.EntityFrameworkCore.Relational (>= 8.0.13 <= 8.0.999)
      MySqlConnector (>= 2.3.5)
    Pomelo.EntityFrameworkCore.MySql.Json.Microsoft (8.0.3)
      Microsoft.EntityFrameworkCore.Relational (>= 8.0.13 <= 8.0.999)
      MySqlConnector (>= 2.3.5)
      Pomelo.EntityFrameworkCore.MySql (>= 8.0.3)
    Portable.BouncyCastle (1.9)
    protobuf-net (3.2.46)
      protobuf-net.Core (>= 3.2.46)
    protobuf-net.Core (3.2.56)
    QRCoder (1.7)
      System.Drawing.Common (>= 6.0)
    RabbitMQ.Client (7.1.2)
      System.IO.Pipelines (>= 8.0)
      System.Threading.RateLimiting (>= 8.0)
    RedisRateLimiting (1.2)
      StackExchange.Redis (>= 2.7.33)
      System.Threading.RateLimiting (>= 8.0)
    RedisRateLimiting.AspNetCore (1.2)
      RedisRateLimiting (>= 1.2)
    RestSharp (112.1)
    runtime.android-arm.runtime.native.System.IO.Ports (9.0.10)
    runtime.android-arm64.runtime.native.System.IO.Ports (9.0.10)
    runtime.android-x64.runtime.native.System.IO.Ports (9.0.10)
    runtime.android-x86.runtime.native.System.IO.Ports (9.0.10)
    runtime.debian.8-x64.runtime.native.System.Security.Cryptography.OpenSsl (4.3.3)
    runtime.debian.9-x64.runtime.native.System.Security.Cryptography.OpenSsl (4.3.3)
    runtime.fedora.23-x64.runtime.native.System.Security.Cryptography.OpenSsl (4.3.3)
    runtime.fedora.24-x64.runtime.native.System.Security.Cryptography.OpenSsl (4.3.3)
    runtime.fedora.27-x64.runtime.native.System.Security.Cryptography.OpenSsl (4.3.3)
    runtime.fedora.28-x64.runtime.native.System.Security.Cryptography.OpenSsl (4.3.3)
    runtime.linux-arm.runtime.native.System.IO.Ports (9.0.10)
    runtime.linux-arm64.runtime.native.System.IO.Ports (9.0.10)
    runtime.linux-bionic-arm64.runtime.native.System.IO.Ports (9.0.10)
    runtime.linux-bionic-x64.runtime.native.System.IO.Ports (9.0.10)
    runtime.linux-musl-arm.runtime.native.System.IO.Ports (9.0.10)
    runtime.linux-musl-arm64.runtime.native.System.IO.Ports (9.0.10)
    runtime.linux-musl-x64.runtime.native.System.IO.Ports (9.0.10)
    runtime.linux-x64.runtime.native.System.IO.Ports (9.0.10)
    runtime.maccatalyst-arm64.runtime.native.System.IO.Ports (9.0.10)
    runtime.maccatalyst-x64.runtime.native.System.IO.Ports (9.0.10)
    runtime.native.System (4.3.1)
      Microsoft.NETCore.Platforms (>= 1.1.1)
      Microsoft.NETCore.Targets (>= 1.1.3)
    runtime.native.System.Data.SqlClient.sni (4.7)
      runtime.win-arm64.runtime.native.System.Data.SqlClient.sni (>= 4.4)
      runtime.win-x64.runtime.native.System.Data.SqlClient.sni (>= 4.4)
      runtime.win-x86.runtime.native.System.Data.SqlClient.sni (>= 4.4)
    runtime.native.System.IO.Ports (9.0.10)
      runtime.android-arm.runtime.native.System.IO.Ports (>= 9.0.10)
      runtime.android-arm64.runtime.native.System.IO.Ports (>= 9.0.10)
      runtime.android-x64.runtime.native.System.IO.Ports (>= 9.0.10)
      runtime.android-x86.runtime.native.System.IO.Ports (>= 9.0.10)
      runtime.linux-arm.runtime.native.System.IO.Ports (>= 9.0.10)
      runtime.linux-arm64.runtime.native.System.IO.Ports (>= 9.0.10)
      runtime.linux-bionic-arm64.runtime.native.System.IO.Ports (>= 9.0.10)
      runtime.linux-bionic-x64.runtime.native.System.IO.Ports (>= 9.0.10)
      runtime.linux-musl-arm.runtime.native.System.IO.Ports (>= 9.0.10)
      runtime.linux-musl-arm64.runtime.native.System.IO.Ports (>= 9.0.10)
      runtime.linux-musl-x64.runtime.native.System.IO.Ports (>= 9.0.10)
      runtime.linux-x64.runtime.native.System.IO.Ports (>= 9.0.10)
      runtime.maccatalyst-arm64.runtime.native.System.IO.Ports (>= 9.0.10)
      runtime.maccatalyst-x64.runtime.native.System.IO.Ports (>= 9.0.10)
      runtime.osx-arm64.runtime.native.System.IO.Ports (>= 9.0.10)
      runtime.osx-x64.runtime.native.System.IO.Ports (>= 9.0.10)
    runtime.native.System.Net.Http (4.3.1)
      Microsoft.NETCore.Platforms (>= 1.1.1)
      Microsoft.NETCore.Targets (>= 1.1.3)
    runtime.native.System.Security.Cryptography.Apple (4.3.1)
      runtime.osx.10.10-x64.runtime.native.System.Security.Cryptography.Apple (>= 4.3.1)
    runtime.native.System.Security.Cryptography.OpenSsl (4.3.3)
      runtime.debian.8-x64.runtime.native.System.Security.Cryptography.OpenSsl (>= 4.3.3)
      runtime.debian.9-x64.runtime.native.System.Security.Cryptography.OpenSsl (>= 4.3.3)
      runtime.fedora.23-x64.runtime.native.System.Security.Cryptography.OpenSsl (>= 4.3.3)
      runtime.fedora.24-x64.runtime.native.System.Security.Cryptography.OpenSsl (>= 4.3.3)
      runtime.fedora.27-x64.runtime.native.System.Security.Cryptography.OpenSsl (>= 4.3.3)
      runtime.fedora.28-x64.runtime.native.System.Security.Cryptography.OpenSsl (>= 4.3.3)
      runtime.opensuse.13.2-x64.runtime.native.System.Security.Cryptography.OpenSsl (>= 4.3.3)
      runtime.opensuse.42.1-x64.runtime.native.System.Security.Cryptography.OpenSsl (>= 4.3.3)
      runtime.opensuse.42.3-x64.runtime.native.System.Security.Cryptography.OpenSsl (>= 4.3.3)
      runtime.osx.10.10-x64.runtime.native.System.Security.Cryptography.OpenSsl (>= 4.3.3)
      runtime.rhel.7-x64.runtime.native.System.Security.Cryptography.OpenSsl (>= 4.3.3)
      runtime.ubuntu.14.04-x64.runtime.native.System.Security.Cryptography.OpenSsl (>= 4.3.3)
      runtime.ubuntu.16.04-x64.runtime.native.System.Security.Cryptography.OpenSsl (>= 4.3.3)
      runtime.ubuntu.16.10-x64.runtime.native.System.Security.Cryptography.OpenSsl (>= 4.3.3)
      runtime.ubuntu.18.04-x64.runtime.native.System.Security.Cryptography.OpenSsl (>= 4.3.3)
    runtime.opensuse.13.2-x64.runtime.native.System.Security.Cryptography.OpenSsl (4.3.3)
    runtime.opensuse.42.1-x64.runtime.native.System.Security.Cryptography.OpenSsl (4.3.3)
    runtime.opensuse.42.3-x64.runtime.native.System.Security.Cryptography.OpenSsl (4.3.3)
    runtime.osx-arm64.runtime.native.System.IO.Ports (9.0.10)
    runtime.osx-x64.runtime.native.System.IO.Ports (9.0.10)
    runtime.osx.10.10-x64.runtime.native.System.Security.Cryptography.Apple (4.3.1)
    runtime.osx.10.10-x64.runtime.native.System.Security.Cryptography.OpenSsl (4.3.3)
    runtime.rhel.7-x64.runtime.native.System.Security.Cryptography.OpenSsl (4.3.3)
    runtime.ubuntu.14.04-x64.runtime.native.System.Security.Cryptography.OpenSsl (4.3.3)
    runtime.ubuntu.16.04-x64.runtime.native.System.Security.Cryptography.OpenSsl (4.3.3)
    runtime.ubuntu.16.10-x64.runtime.native.System.Security.Cryptography.OpenSsl (4.3.3)
    runtime.ubuntu.18.04-x64.runtime.native.System.Security.Cryptography.OpenSsl (4.3.3)
    runtime.win-arm64.runtime.native.System.Data.SqlClient.sni (4.4)
    runtime.win-x64.runtime.native.System.Data.SqlClient.sni (4.4)
    runtime.win-x86.runtime.native.System.Data.SqlClient.sni (4.4)
    SharpZipLib (1.4.2)
      System.Memory (>= 4.5.4)
      System.Threading.Tasks.Extensions (>= 4.5.2)
    SkiaSharp (3.116.1)
      SkiaSharp.NativeAssets.macOS (>= 3.116.1)
      SkiaSharp.NativeAssets.Win32 (>= 3.116.1)
    SkiaSharp.NativeAssets.Linux (3.116.1)
    SkiaSharp.NativeAssets.Linux.NoDependencies (3.116.1)
    SkiaSharp.NativeAssets.macOS (3.119.1)
    SkiaSharp.NativeAssets.Win32 (3.119.1)
    SkiaSharp.Svg (1.60)
      SkiaSharp (>= 1.60)
    StackExchange.Redis (2.8.31)
      Microsoft.Extensions.Logging.Abstractions (>= 6.0)
      Pipelines.Sockets.Unofficial (>= 2.2.8)
    StackExchange.Redis.Extensions.AspNetCore (11.0)
      StackExchange.Redis.Extensions.Core (>= 11.0)
    StackExchange.Redis.Extensions.Core (11.0)
      StackExchange.Redis (>= 2.8.24 < 3.0)
    StackExchange.Redis.Extensions.Newtonsoft (11.0)
      Newtonsoft.Json (>= 13.0.3 < 14.0)
      StackExchange.Redis.Extensions.Core (>= 11.0)
    Std.UriTemplate (2.0.8)
    Swashbuckle.AspNetCore (8.0)
      Microsoft.Extensions.ApiDescription.Server (>= 6.0.5)
      Swashbuckle.AspNetCore.Swagger (>= 8.0)
      Swashbuckle.AspNetCore.SwaggerGen (>= 8.0)
      Swashbuckle.AspNetCore.SwaggerUI (>= 8.0)
    Swashbuckle.AspNetCore.Annotations (8.0)
      Swashbuckle.AspNetCore.SwaggerGen (>= 8.0)
    Swashbuckle.AspNetCore.Swagger (9.0.3)
      Microsoft.OpenApi (>= 1.6.23)
    Swashbuckle.AspNetCore.SwaggerGen (8.0)
      Swashbuckle.AspNetCore.Swagger (>= 8.0)
    Swashbuckle.AspNetCore.SwaggerUI (9.0.6)
    System.Buffers (4.6.1)
    System.ClientModel (1.7)
      Microsoft.Extensions.Logging.Abstractions (>= 8.0.3)
      System.Memory.Data (>= 8.0.1)
    System.CodeDom (9.0.10)
    System.Collections (4.3)
      Microsoft.NETCore.Platforms (>= 1.1)
      Microsoft.NETCore.Targets (>= 1.1)
      System.Runtime (>= 4.3)
    System.Collections.Concurrent (4.3)
      System.Collections (>= 4.3)
      System.Diagnostics.Debug (>= 4.3)
      System.Diagnostics.Tracing (>= 4.3)
      System.Globalization (>= 4.3)
      System.Reflection (>= 4.3)
      System.Resources.ResourceManager (>= 4.3)
      System.Runtime (>= 4.3)
      System.Runtime.Extensions (>= 4.3)
      System.Threading (>= 4.3)
      System.Threading.Tasks (>= 4.3)
    System.Collections.Immutable (9.0.10)
    System.Collections.NonGeneric (4.3)
      System.Diagnostics.Debug (>= 4.3)
      System.Globalization (>= 4.3)
      System.Resources.ResourceManager (>= 4.3)
      System.Runtime (>= 4.3)
      System.Runtime.Extensions (>= 4.3)
      System.Threading (>= 4.3)
    System.Collections.Specialized (4.3)
      System.Collections.NonGeneric (>= 4.3)
      System.Globalization (>= 4.3)
      System.Globalization.Extensions (>= 4.3)
      System.Resources.ResourceManager (>= 4.3)
      System.Runtime (>= 4.3)
      System.Runtime.Extensions (>= 4.3)
      System.Threading (>= 4.3)
    System.ComponentModel.Annotations (5.0)
    System.ComponentModel.Composition (9.0.10)
    System.ComponentModel.Composition.Registration (9.0.10)
      System.ComponentModel.Composition (>= 9.0.10)
      System.Reflection.Context (>= 9.0.10)
    System.Configuration.ConfigurationManager (9.0.10)
      System.Diagnostics.EventLog (>= 9.0.10)
      System.Security.Cryptography.ProtectedData (>= 9.0.10)
    System.Data.Odbc (9.0.10)
    System.Data.OleDb (9.0.10)
      System.Configuration.ConfigurationManager (>= 9.0.10)
      System.Diagnostics.PerformanceCounter (>= 9.0.10)
    System.Data.SqlClient (4.9)
      runtime.native.System.Data.SqlClient.sni (>= 4.4)
    System.Diagnostics.Debug (4.3)
      Microsoft.NETCore.Platforms (>= 1.1)
      Microsoft.NETCore.Targets (>= 1.1)
      System.Runtime (>= 4.3)
    System.Diagnostics.DiagnosticSource (9.0.10)
    System.Diagnostics.EventLog (9.0.10)
    System.Diagnostics.PerformanceCounter (9.0.10)
      System.Configuration.ConfigurationManager (>= 9.0.10)
    System.Diagnostics.Tracing (4.3)
      Microsoft.NETCore.Platforms (>= 1.1)
      Microsoft.NETCore.Targets (>= 1.1)
      System.Runtime (>= 4.3)
    System.DirectoryServices (9.0.10)
    System.DirectoryServices.AccountManagement (9.0.10)
      System.Configuration.ConfigurationManager (>= 9.0.10)
      System.DirectoryServices (>= 9.0.10)
      System.DirectoryServices.Protocols (>= 9.0.10)
    System.DirectoryServices.Protocols (9.0.10)
    System.Drawing.Common (9.0.10)
      Microsoft.Win32.SystemEvents (>= 9.0.10)
    System.Formats.Asn1 (9.0.10)
    System.Globalization (4.3)
      Microsoft.NETCore.Platforms (>= 1.1)
      Microsoft.NETCore.Targets (>= 1.1)
      System.Runtime (>= 4.3)
    System.Globalization.Calendars (4.3)
      Microsoft.NETCore.Platforms (>= 1.1)
      Microsoft.NETCore.Targets (>= 1.1)
      System.Globalization (>= 4.3)
      System.Runtime (>= 4.3)
    System.Globalization.Extensions (4.3)
      Microsoft.NETCore.Platforms (>= 1.1)
      System.Globalization (>= 4.3)
      System.Resources.ResourceManager (>= 4.3)
      System.Runtime (>= 4.3)
      System.Runtime.Extensions (>= 4.3)
      System.Runtime.InteropServices (>= 4.3)
    System.IdentityModel.Tokens.Jwt (8.7)
      Microsoft.IdentityModel.JsonWebTokens (>= 8.7)
      Microsoft.IdentityModel.Tokens (>= 8.7)
    System.IO (4.3)
      Microsoft.NETCore.Platforms (>= 1.1)
      Microsoft.NETCore.Targets (>= 1.1)
      System.Runtime (>= 4.3)
      System.Text.Encoding (>= 4.3)
      System.Threading.Tasks (>= 4.3)
    System.IO.FileSystem (4.3)
      Microsoft.NETCore.Platforms (>= 1.1)
      Microsoft.NETCore.Targets (>= 1.1)
      System.IO (>= 4.3)
      System.IO.FileSystem.Primitives (>= 4.3)
      System.Runtime (>= 4.3)
      System.Runtime.Handles (>= 4.3)
      System.Text.Encoding (>= 4.3)
      System.Threading.Tasks (>= 4.3)
    System.IO.FileSystem.Primitives (4.3)
      System.Runtime (>= 4.3)
    System.IO.Packaging (9.0.10)
    System.IO.Pipelines (9.0.10)
    System.IO.Ports (9.0.10)
      runtime.native.System.IO.Ports (>= 9.0.10)
    System.Linq (4.3)
      System.Collections (>= 4.3)
      System.Diagnostics.Debug (>= 4.3)
      System.Resources.ResourceManager (>= 4.3)
      System.Runtime (>= 4.3)
      System.Runtime.Extensions (>= 4.3)
    System.Linq.Async (6.0.1)
      Microsoft.Bcl.AsyncInterfaces (>= 6.0)
    System.ValueTuple (4.5)
    System.Text.Encodings.Web (9.0)
    System.Management (9.0.10)
      System.CodeDom (>= 9.0.10)
    System.Memory (4.6.3)
    System.Memory.Data (9.0.10)
    System.Net.Http (4.3.4)
      Microsoft.NETCore.Platforms (>= 1.1.1)
      runtime.native.System (>= 4.3)
      runtime.native.System.Net.Http (>= 4.3)
      runtime.native.System.Security.Cryptography.OpenSsl (>= 4.3.2)
      System.Collections (>= 4.3)
      System.Diagnostics.Debug (>= 4.3)
      System.Diagnostics.DiagnosticSource (>= 4.3)
      System.Diagnostics.Tracing (>= 4.3)
      System.Globalization (>= 4.3)
      System.Globalization.Extensions (>= 4.3)
      System.IO (>= 4.3)
      System.IO.FileSystem (>= 4.3)
      System.Net.Primitives (>= 4.3)
      System.Resources.ResourceManager (>= 4.3)
      System.Runtime (>= 4.3)
      System.Runtime.Extensions (>= 4.3)
      System.Runtime.Handles (>= 4.3)
      System.Runtime.InteropServices (>= 4.3)
      System.Security.Cryptography.Algorithms (>= 4.3)
      System.Security.Cryptography.Encoding (>= 4.3)
      System.Security.Cryptography.OpenSsl (>= 4.3)
      System.Security.Cryptography.Primitives (>= 4.3)
      System.Security.Cryptography.X509Certificates (>= 4.3)
      System.Text.Encoding (>= 4.3)
      System.Threading (>= 4.3)
      System.Threading.Tasks (>= 4.3)
    System.Net.Primitives (4.3.1)
      Microsoft.NETCore.Platforms (>= 1.1.1)
      Microsoft.NETCore.Targets (>= 1.1.3)
      System.Runtime (>= 4.3.1)
      System.Runtime.Handles (>= 4.3)
    System.Reactive (6.1)
    System.Reflection (4.3)
      Microsoft.NETCore.Platforms (>= 1.1)
      Microsoft.NETCore.Targets (>= 1.1)
      System.IO (>= 4.3)
      System.Reflection.Primitives (>= 4.3)
      System.Runtime (>= 4.3)
    System.Reflection.Context (9.0.10)
    System.Reflection.Primitives (4.3)
      Microsoft.NETCore.Platforms (>= 1.1)
      Microsoft.NETCore.Targets (>= 1.1)
      System.Runtime (>= 4.3)
    System.Reflection.TypeExtensions (4.7)
    System.Resources.ResourceManager (4.3)
      Microsoft.NETCore.Platforms (>= 1.1)
      Microsoft.NETCore.Targets (>= 1.1)
      System.Globalization (>= 4.3)
      System.Reflection (>= 4.3)
      System.Runtime (>= 4.3)
    System.Runtime (4.3.1)
      Microsoft.NETCore.Platforms (>= 1.1.1)
      Microsoft.NETCore.Targets (>= 1.1.3)
    System.Runtime.Caching (9.0.10)
      System.Configuration.ConfigurationManager (>= 9.0.10)
    System.Runtime.CompilerServices.Unsafe (6.1.2)
    System.Runtime.Extensions (4.3.1)
      Microsoft.NETCore.Platforms (>= 1.1.1)
      Microsoft.NETCore.Targets (>= 1.1.3)
      System.Runtime (>= 4.3.1)
    System.Runtime.Handles (4.3)
      Microsoft.NETCore.Platforms (>= 1.1)
      Microsoft.NETCore.Targets (>= 1.1)
      System.Runtime (>= 4.3)
    System.Runtime.InteropServices (4.3)
      Microsoft.NETCore.Platforms (>= 1.1)
      Microsoft.NETCore.Targets (>= 1.1)
      System.Reflection (>= 4.3)
      System.Reflection.Primitives (>= 4.3)
      System.Runtime (>= 4.3)
      System.Runtime.Handles (>= 4.3)
    System.Runtime.Loader (4.3)
      System.IO (>= 4.3)
      System.Reflection (>= 4.3)
      System.Runtime (>= 4.3)
    System.Runtime.Numerics (4.3)
      System.Globalization (>= 4.3)
      System.Resources.ResourceManager (>= 4.3)
      System.Runtime (>= 4.3)
      System.Runtime.Extensions (>= 4.3)
    System.Security.AccessControl (6.0.1)
    System.Security.Cryptography.Algorithms (4.3.1)
      Microsoft.NETCore.Platforms (>= 1.1)
      runtime.native.System.Security.Cryptography.Apple (>= 4.3.1)
      runtime.native.System.Security.Cryptography.OpenSsl (>= 4.3.2)
      System.Collections (>= 4.3)
      System.IO (>= 4.3)
      System.Resources.ResourceManager (>= 4.3)
      System.Runtime (>= 4.3)
      System.Runtime.Extensions (>= 4.3)
      System.Runtime.Handles (>= 4.3)
      System.Runtime.InteropServices (>= 4.3)
      System.Runtime.Numerics (>= 4.3)
      System.Security.Cryptography.Encoding (>= 4.3)
      System.Security.Cryptography.Primitives (>= 4.3)
      System.Text.Encoding (>= 4.3)
    System.Security.Cryptography.Cng (5.0)
      System.Formats.Asn1 (>= 5.0)
    System.Security.Cryptography.Csp (4.3)
      Microsoft.NETCore.Platforms (>= 1.1)
      System.IO (>= 4.3)
      System.Reflection (>= 4.3)
      System.Resources.ResourceManager (>= 4.3)
      System.Runtime (>= 4.3)
      System.Runtime.Extensions (>= 4.3)
      System.Runtime.Handles (>= 4.3)
      System.Runtime.InteropServices (>= 4.3)
      System.Security.Cryptography.Algorithms (>= 4.3)
      System.Security.Cryptography.Encoding (>= 4.3)
      System.Security.Cryptography.Primitives (>= 4.3)
      System.Text.Encoding (>= 4.3)
      System.Threading (>= 4.3)
    System.Security.Cryptography.Encoding (4.3)
      Microsoft.NETCore.Platforms (>= 1.1)
      runtime.native.System.Security.Cryptography.OpenSsl (>= 4.3)
      System.Collections (>= 4.3)
      System.Collections.Concurrent (>= 4.3)
      System.Linq (>= 4.3)
      System.Resources.ResourceManager (>= 4.3)
      System.Runtime (>= 4.3)
      System.Runtime.Extensions (>= 4.3)
      System.Runtime.Handles (>= 4.3)
      System.Runtime.InteropServices (>= 4.3)
      System.Security.Cryptography.Primitives (>= 4.3)
      System.Text.Encoding (>= 4.3)
    System.Security.Cryptography.OpenSsl (5.0)
      System.Formats.Asn1 (>= 5.0)
    System.Security.Cryptography.Pkcs (9.0.10)
    System.Security.Cryptography.Primitives (4.3)
      System.Diagnostics.Debug (>= 4.3)
      System.Globalization (>= 4.3)
      System.IO (>= 4.3)
      System.Resources.ResourceManager (>= 4.3)
      System.Runtime (>= 4.3)
      System.Threading (>= 4.3)
      System.Threading.Tasks (>= 4.3)
    System.Security.Cryptography.ProtectedData (9.0.10)
    System.Security.Cryptography.X509Certificates (4.3.2)
      Microsoft.NETCore.Platforms (>= 1.1)
      runtime.native.System (>= 4.3)
      runtime.native.System.Net.Http (>= 4.3)
      runtime.native.System.Security.Cryptography.OpenSsl (>= 4.3.2)
      System.Collections (>= 4.3)
      System.Diagnostics.Debug (>= 4.3)
      System.Globalization (>= 4.3)
      System.Globalization.Calendars (>= 4.3)
      System.IO (>= 4.3)
      System.IO.FileSystem (>= 4.3)
      System.IO.FileSystem.Primitives (>= 4.3)
      System.Resources.ResourceManager (>= 4.3)
      System.Runtime (>= 4.3)
      System.Runtime.Extensions (>= 4.3)
      System.Runtime.Handles (>= 4.3)
      System.Runtime.InteropServices (>= 4.3)
      System.Runtime.Numerics (>= 4.3)
      System.Security.Cryptography.Algorithms (>= 4.3)
      System.Security.Cryptography.Cng (>= 4.3)
      System.Security.Cryptography.Csp (>= 4.3)
      System.Security.Cryptography.Encoding (>= 4.3)
      System.Security.Cryptography.OpenSsl (>= 4.3)
      System.Security.Cryptography.Primitives (>= 4.3)
      System.Text.Encoding (>= 4.3)
      System.Threading (>= 4.3)
    System.Security.Cryptography.Xml (9.0.10)
      System.Security.Cryptography.Pkcs (>= 9.0.10)
    System.Security.Permissions (9.0.10)
      System.Windows.Extensions (>= 9.0.10)
    System.Security.Principal.Windows (5.0)
    System.ServiceModel.Duplex (6.0)
      System.ServiceModel.Primitives (>= 6.0)
    System.ServiceModel.Http (8.1.2)
      System.ServiceModel.Primitives (>= 8.1.2)
    System.ServiceModel.NetFramingBase (8.1.2)
      System.ServiceModel.Primitives (>= 8.1.2)
    System.ServiceModel.NetTcp (8.1.2)
      System.ServiceModel.NetFramingBase (>= 8.1.2)
      System.ServiceModel.Primitives (>= 8.1.2)
    System.ServiceModel.Primitives (8.1.2)
      Microsoft.Extensions.ObjectPool (>= 8.0.10)
      System.Security.Cryptography.Xml (>= 8.0.2)
    System.ServiceModel.Security (6.0)
      System.ServiceModel.Primitives (>= 6.0)
    System.ServiceModel.Syndication (9.0.10)
    System.ServiceProcess.ServiceController (9.0.10)
      System.Diagnostics.EventLog (>= 9.0.10)
    System.Speech (9.0.10)
    System.Text.Encoding (4.3)
      Microsoft.NETCore.Platforms (>= 1.1)
      Microsoft.NETCore.Targets (>= 1.1)
      System.Runtime (>= 4.3)
    System.Text.Encoding.CodePages (9.0.10)
    System.Text.Json (9.0.10)
    System.Threading (4.3)
      System.Runtime (>= 4.3)
      System.Threading.Tasks (>= 4.3)
    System.Threading.AccessControl (9.0.10)
    System.Threading.RateLimiting (9.0.10)
    System.Threading.Tasks (4.3)
      Microsoft.NETCore.Platforms (>= 1.1)
      Microsoft.NETCore.Targets (>= 1.1)
      System.Runtime (>= 4.3)
    System.Threading.Tasks.Dataflow (9.0.10)
    System.Threading.Tasks.Extensions (4.6.3)
    System.Web.Services.Description (8.1.2)
    System.Windows.Extensions (9.0.10)
    Telegram.Bot (22.4.4)
      Microsoft.Extensions.Options.ConfigurationExtensions (>= 8.0)
      System.Text.Json (>= 8.0.5)
    TweetinviAPI (5.0.4)
      Autofac (>= 4.9.4)
      Newtonsoft.Json (>= 12.0.3)
      System.Collections (>= 4.3)
      System.Net.Http (>= 4.3.4)
      System.Reflection.TypeExtensions (>= 4.5.1)
    Twilio (7.9.1)
      Microsoft.IdentityModel.Tokens (>= 8.3.1)
      Newtonsoft.Json (>= 13.0.1)
      System.Collections.Specialized (>= 4.3)
      System.IdentityModel.Tokens.Jwt (>= 8.3.1)
    UAParser (3.1.47)
    WebDav.Client (2.8)
    ZiggyCreatures.FusionCache (2.2)
      Microsoft.Extensions.Caching.Memory (>= 9.0)
    ZiggyCreatures.FusionCache.Backplane.StackExchangeRedis (2.2)
      StackExchange.Redis (>= 2.8.31)
      ZiggyCreatures.FusionCache (>= 2.2)
    ZiggyCreatures.FusionCache.OpenTelemetry (2.2)
      OpenTelemetry.Api (>= 1.11.2)
      ZiggyCreatures.FusionCache (>= 2.2)
    ZiggyCreatures.FusionCache.Serialization.SystemTextJson (2.2)
      System.Text.Json (>= 8.0.5)
      ZiggyCreatures.FusionCache (>= 2.2)
    ZooKeeperNetEx (3.4.12.4)
    ZstdSharp.Port (0.8.6)
